// !$*UTF8*$!
{
	archiveVersion = 1;
	classes = {
	};
	objectVersion = 50;
	objects = {

/* Begin PBXBuildFile section */
		D41449AF21D4E4130001E634 /* AppDelegate.swift in Sources */ = {isa = PBXBuildFile; fileRef = D41449AE21D4E4130001E634 /* AppDelegate.swift */; };
		D41449B121D4E4130001E634 /* ViewController.swift in Sources */ = {isa = PBXBuildFile; fileRef = D41449B021D4E4130001E634 /* ViewController.swift */; };
		D41449B421D4E4130001E634 /* Main.storyboard in Resources */ = {isa = PBXBuildFile; fileRef = D41449B221D4E4130001E634 /* Main.storyboard */; };
		D41449B621D4E4170001E634 /* Assets.xcassets in Resources */ = {isa = PBXBuildFile; fileRef = D41449B521D4E4170001E634 /* Assets.xcassets */; };
		D41449B921D4E4170001E634 /* LaunchScreen.storyboard in Resources */ = {isa = PBXBuildFile; fileRef = D41449B721D4E4170001E634 /* LaunchScreen.storyboard */; };
		D41449C221D4E4E30001E634 /* ContactAddressBookCell.swift in Sources */ = {isa = PBXBuildFile; fileRef = D41449C021D4E4E30001E634 /* ContactAddressBookCell.swift */; };
		D41449C321D4E4E30001E634 /* ContactAddressBookCell.xib in Resources */ = {isa = PBXBuildFile; fileRef = D41449C121D4E4E30001E634 /* ContactAddressBookCell.xib */; };
/* End PBXBuildFile section */

/* Begin PBXFileReference section */
		D41449AB21D4E4130001E634 /* BottomRefreshList.app */ = {isa = PBXFileReference; explicitFileType = wrapper.application; includeInIndex = 0; path = BottomRefreshList.app; sourceTree = BUILT_PRODUCTS_DIR; };
		D41449AE21D4E4130001E634 /* AppDelegate.swift */ = {isa = PBXFileReference; lastKnownFileType = sourcecode.swift; path = AppDelegate.swift; sourceTree = "<group>"; };
		D41449B021D4E4130001E634 /* ViewController.swift */ = {isa = PBXFileReference; lastKnownFileType = sourcecode.swift; path = ViewController.swift; sourceTree = "<group>"; };
		D41449B321D4E4130001E634 /* Base */ = {isa = PBXFileReference; lastKnownFileType = file.storyboard; name = Base; path = Base.lproj/Main.storyboard; sourceTree = "<group>"; };
		D41449B521D4E4170001E634 /* Assets.xcassets */ = {isa = PBXFileReference; lastKnownFileType = folder.assetcatalog; path = Assets.xcassets; sourceTree = "<group>"; };
		D41449B821D4E4170001E634 /* Base */ = {isa = PBXFileReference; lastKnownFileType = file.storyboard; name = Base; path = Base.lproj/LaunchScreen.storyboard; sourceTree = "<group>"; };
		D41449BA21D4E4170001E634 /* Info.plist */ = {isa = PBXFileReference; lastKnownFileType = text.plist.xml; path = Info.plist; sourceTree = "<group>"; };
		D41449C021D4E4E30001E634 /* ContactAddressBookCell.swift */ = {isa = PBXFileReference; fileEncoding = 4; lastKnownFileType = sourcecode.swift; path = ContactAddressBookCell.swift; sourceTree = "<group>"; };
		D41449C121D4E4E30001E634 /* ContactAddressBookCell.xib */ = {isa = PBXFileReference; fileEncoding = 4; lastKnownFileType = file.xib; path = ContactAddressBookCell.xib; sourceTree = "<group>"; };
/* End PBXFileReference section */

/* Begin PBXFrameworksBuildPhase section */
		D41449A821D4E4130001E634 /* Frameworks */ = {
			isa = PBXFrameworksBuildPhase;
			buildActionMask = 2147483647;
			files = (
			);
			runOnlyForDeploymentPostprocessing = 0;
		};
/* End PBXFrameworksBuildPhase section */

/* Begin PBXGroup section */
		D41449A221D4E4130001E634 = {
			isa = PBXGroup;
			children = (
				D41449AD21D4E4130001E634 /* BottomRefreshList */,
				D41449AC21D4E4130001E634 /* Products */,
			);
			sourceTree = "<group>";
		};
		D41449AC21D4E4130001E634 /* Products */ = {
			isa = PBXGroup;
			children = (
				D41449AB21D4E4130001E634 /* BottomRefreshList.app */,
			);
			name = Products;
			sourceTree = "<group>";
		};
		D41449AD21D4E4130001E634 /* BottomRefreshList */ = {
			isa = PBXGroup;
			children = (
				D41449C021D4E4E30001E634 /* ContactAddressBookCell.swift */,
				D41449C121D4E4E30001E634 /* ContactAddressBookCell.xib */,
				D41449AE21D4E4130001E634 /* AppDelegate.swift */,
				D41449B021D4E4130001E634 /* ViewController.swift */,
				D41449B221D4E4130001E634 /* Main.storyboard */,
				D41449B521D4E4170001E634 /* Assets.xcassets */,
				D41449B721D4E4170001E634 /* LaunchScreen.storyboard */,
				D41449BA21D4E4170001E634 /* Info.plist */,
			);
			path = BottomRefreshList;
			sourceTree = "<group>";
		};
/* End PBXGroup section */

/* Begin PBXNativeTarget section */
		D41449AA21D4E4130001E634 /* BottomRefreshList */ = {
			isa = PBXNativeTarget;
			buildConfigurationList = D41449BD21D4E4170001E634 /* Build configuration list for PBXNativeTarget "BottomRefreshList" */;
			buildPhases = (
				D41449A721D4E4130001E634 /* Sources */,
				D41449A821D4E4130001E634 /* Frameworks */,
				D41449A921D4E4130001E634 /* Resources */,
			);
			buildRules = (
			);
			dependencies = (
			);
			name = BottomRefreshList;
			productName = BottomRefreshList;
			productReference = D41449AB21D4E4130001E634 /* BottomRefreshList.app */;
			productType = "com.apple.product-type.application";
		};
/* End PBXNativeTarget section */

/* Begin PBXProject section */
		D41449A321D4E4130001E634 /* Project object */ = {
			isa = PBXProject;
			attributes = {
				LastSwiftUpdateCheck = 1010;
				LastUpgradeCheck = 1010;
				ORGANIZATIONNAME = "Pawan Kumar";
				TargetAttributes = {
					D41449AA21D4E4130001E634 = {
						CreatedOnToolsVersion = 10.1;
					};
				};
			};
			buildConfigurationList = D41449A621D4E4130001E634 /* Build configuration list for PBXProject "BottomRefreshList" */;
			compatibilityVersion = "Xcode 9.3";
			developmentRegion = en;
			hasScannedForEncodings = 0;
			knownRegions = (
				en,
				Base,
			);
			mainGroup = D41449A221D4E4130001E634;
			productRefGroup = D41449AC21D4E4130001E634 /* Products */;
			projectDirPath = "";
			projectRoot = "";
			targets = (
				D41449AA21D4E4130001E634 /* BottomRefreshList */,
			);
		};
/* End PBXProject section */

/* Begin PBXResourcesBuildPhase section */
		D41449A921D4E4130001E634 /* Resources */ = {
			isa = PBXResourcesBuildPhase;
			buildActionMask = 2147483647;
			files = (
				D41449C321D4E4E30001E634 /* ContactAddressBookCell.xib in Resources */,
				D41449B921D4E4170001E634 /* LaunchScreen.storyboard in Resources */,
				D41449B621D4E4170001E634 /* Assets.xcassets in Resources */,
				D41449B421D4E4130001E634 /* Main.storyboard in Resources */,
			);
			runOnlyForDeploymentPostprocessing = 0;
		};
/* End PBXResourcesBuildPhase section */

/* Begin PBXSourcesBuildPhase section */
		D41449A721D4E4130001E634 /* Sources */ = {
			isa = PBXSourcesBuildPhase;
			buildActionMask = 2147483647;
			files = (
				D41449B121D4E4130001E634 /* ViewController.swift in Sources */,
				D41449AF21D4E4130001E634 /* AppDelegate.swift in Sources */,
				D41449C221D4E4E30001E634 /* ContactAddressBookCell.swift in Sources */,
			);
			runOnlyForDeploymentPostprocessing = 0;
		};
/* End PBXSourcesBuildPhase section */

/* Begin PBXVariantGroup section */
		D41449B221D4E4130001E634 /* Main.storyboard */ = {
			isa = PBXVariantGroup;
			children = (
				D41449B321D4E4130001E634 /* Base */,
			);
			name = Main.storyboard;
			sourceTree = "<group>";
		};
		D41449B721D4E4170001E634 /* LaunchScreen.storyboard */ = {
			isa = PBXVariantGroup;
			children = (
				D41449B821D4E4170001E634 /* Base */,
			);
			name = LaunchScreen.storyboard;
			sourceTree = "<group>";
		};
/* End PBXVariantGroup section */

/* Begin XCBuildConfiguration section */
		D41449BB21D4E4170001E634 /* Debug */ = {
			isa = XCBuildConfiguration;
			buildSettings = {
				ALWAYS_SEARCH_USER_PATHS = NO;
				CLANG_ANALYZER_NONNULL = YES;
				CLANG_ANALYZER_NUMBER_OBJECT_CONVERSION = YES_AGGRESSIVE;
				CLANG_CXX_LANGUAGE_STANDARD = "gnu++14";
				CLANG_CXX_LIBRARY = "libc++";
				CLANG_ENABLE_MODULES = YES;
				CLANG_ENABLE_OBJC_ARC = YES;
				CLANG_ENABLE_OBJC_WEAK = YES;
				CLANG_WARN_BLOCK_CAPTURE_AUTORELEASING = YES;
				CLANG_WARN_BOOL_CONVERSION = YES;
				CLANG_WARN_COMMA = YES;
				CLANG_WARN_CONSTANT_CONVERSION = YES;
				CLANG_WARN_DEPRECATED_OBJC_IMPLEMENTATIONS = YES;
				CLANG_WARN_DIRECT_OBJC_ISA_USAGE = YES_ERROR;
				CLANG_WARN_DOCUMENTATION_COMMENTS = YES;
				CLANG_WARN_EMPTY_BODY = YES;
				CLANG_WARN_ENUM_CONVERSION = YES;
				CLANG_WARN_INFINITE_RECURSION = YES;
				CLANG_WARN_INT_CONVERSION = YES;
				CLANG_WARN_NON_LITERAL_NULL_CONVERSION = YES;
				CLANG_WARN_OBJC_IMPLICIT_RETAIN_SELF = YES;
				CLANG_WARN_OBJC_LITERAL_CONVERSION = YES;
				CLANG_WARN_OBJC_ROOT_CLASS = YES_ERROR;
				CLANG_WARN_RANGE_LOOP_ANALYSIS = YES;
				CLANG_WARN_STRICT_PROTOTYPES = YES;
				CLANG_WARN_SUSPICIOUS_MOVE = YES;
				CLANG_WARN_UNGUARDED_AVAILABILITY = YES_AGGRESSIVE;
				CLANG_WARN_UNREACHABLE_CODE = YES;
				CLANG_WARN__DUPLICATE_METHOD_MATCH = YES;
				CODE_SIGN_IDENTITY = "iPhone Developer";
				COPY_PHASE_STRIP = NO;
				DEBUG_INFORMATION_FORMAT = dwarf;
				ENABLE_STRICT_OBJC_MSGSEND = YES;
				ENABLE_TESTABILITY = YES;
				GCC_C_LANGUAGE_STANDARD = gnu11;
				GCC_DYNAMIC_NO_PIC = NO;
				GCC_NO_COMMON_BLOCKS = YES;
				GCC_OPTIMIZATION_LEVEL = 0;
				GCC_PREPROCESSOR_DEFINITIONS = (
					"DEBUG=1",
					"$(inherited)",
				);
				GCC_WARN_64_TO_32_BIT_CONVERSION = YES;
				GCC_WARN_ABOUT_RETURN_TYPE = YES_ERROR;
				GCC_WARN_UNDECLARED_SELECTOR = YES;
				GCC_WARN_UNINITIALIZED_AUTOS = YES_AGGRESSIVE;
				GCC_WARN_UNUSED_FUNCTION = YES;
				GCC_WARN_UNUSED_VARIABLE = YES;
				IPHONEOS_DEPLOYMENT_TARGET = 12.1;
				MTL_ENABLE_DEBUG_INFO = INCLUDE_SOURCE;
				MTL_FAST_MATH = YES;
				ONLY_ACTIVE_ARCH = YES;
				SDKROOT = iphoneos;
				SWIFT_ACTIVE_COMPILATION_CONDITIONS = DEBUG;
				SWIFT_OPTIMIZATION_LEVEL = "-Onone";
			};
			name = Debug;
		};
		D41449BC21D4E4170001E634 /* Release */ = {
			isa = XCBuildConfiguration;
			buildSettings = {
				ALWAYS_SEARCH_USER_PATHS = NO;
				CLANG_ANALYZER_NONNULL = YES;
				CLANG_ANALYZER_NUMBER_OBJECT_CONVERSION = YES_AGGRESSIVE;
				CLANG_CXX_LANGUAGE_STANDARD = "gnu++14";
				CLANG_CXX_LIBRARY = "libc++";
				CLANG_ENABLE_MODULES = YES;
				CLANG_ENABLE_OBJC_ARC = YES;
				CLANG_ENABLE_OBJC_WEAK = YES;
				CLANG_WARN_BLOCK_CAPTURE_AUTORELEASING = YES;
				CLANG_WARN_BOOL_CONVERSION = YES;
				CLANG_WARN_COMMA = YES;
				CLANG_WARN_CONSTANT_CONVERSION = YES;
				CLANG_WARN_DEPRECATED_OBJC_IMPLEMENTATIONS = YES;
				CLANG_WARN_DIRECT_OBJC_ISA_USAGE = YES_ERROR;
				CLANG_WARN_DOCUMENTATION_COMMENTS = YES;
				CLANG_WARN_EMPTY_BODY = YES;
				CLANG_WARN_ENUM_CONVERSION = YES;
				CLANG_WARN_INFINITE_RECURSION = YES;
				CLANG_WARN_INT_CONVERSION = YES;
				CLANG_WARN_NON_LITERAL_NULL_CONVERSION = YES;
				CLANG_WARN_OBJC_IMPLICIT_RETAIN_SELF = YES;
				CLANG_WARN_OBJC_LITERAL_CONVERSION = YES;
				CLANG_WARN_OBJC_ROOT_CLASS = YES_ERROR;
				CLANG_WARN_RANGE_LOOP_ANALYSIS = YES;
				CLANG_WARN_STRICT_PROTOTYPES = YES;
				CLANG_WARN_SUSPICIOUS_MOVE = YES;
				CLANG_WARN_UNGUARDED_AVAILABILITY = YES_AGGRESSIVE;
				CLANG_WARN_UNREACHABLE_CODE = YES;
				CLANG_WARN__DUPLICATE_METHOD_MATCH = YES;
				CODE_SIGN_IDENTITY = "iPhone Developer";
				COPY_PHASE_STRIP = NO;
				DEBUG_INFORMATION_FORMAT = "dwarf-with-dsym";
				ENABLE_NS_ASSERTIONS = NO;
				ENABLE_STRICT_OBJC_MSGSEND = YES;
				GCC_C_LANGUAGE_STANDARD = gnu11;
				GCC_NO_COMMON_BLOCKS = YES;
				GCC_WARN_64_TO_32_BIT_CONVERSION = YES;
				GCC_WARN_ABOUT_RETURN_TYPE = YES_ERROR;
				GCC_WARN_UNDECLARED_SELECTOR = YES;
				GCC_WARN_UNINITIALIZED_AUTOS = YES_AGGRESSIVE;
				GCC_WARN_UNUSED_FUNCTION = YES;
				GCC_WARN_UNUSED_VARIABLE = YES;
				IPHONEOS_DEPLOYMENT_TARGET = 12.1;
				MTL_ENABLE_DEBUG_INFO = NO;
				MTL_FAST_MATH = YES;
				SDKROOT = iphoneos;
				SWIFT_COMPILATION_MODE = wholemodule;
				SWIFT_OPTIMIZATION_LEVEL = "-O";
				VALIDATE_PRODUCT = YES;
			};
			name = Release;
		};
		D41449BE21D4E4170001E634 /* Debug */ = {
			isa = XCBuildConfiguration;
			buildSettings = {
				ASSETCATALOG_COMPILER_APPICON_NAME = AppIcon;
				CODE_SIGN_STYLE = Automatic;
				INFOPLIST_FILE = BottomRefreshList/Info.plist;
				IPHONEOS_DEPLOYMENT_TARGET = 9.1;
				LD_RUNPATH_SEARCH_PATHS = (
					"$(inherited)",
					"@executable_path/Frameworks",
				);
				PRODUCT_BUNDLE_IDENTIFIER = com.pk.BottomRefreshList;
				PRODUCT_NAME = "$(TARGET_NAME)";
				SWIFT_VERSION = 4.2;
				TARGETED_DEVICE_FAMILY = "1,2";
			};
			name = Debug;
		};
		D41449BF21D4E4170001E634 /* Release */ = {
			isa = XCBuildConfiguration;
			buildSettings = {
				ASSETCATALOG_COMPILER_APPICON_NAME = AppIcon;
				CODE_SIGN_STYLE = Automatic;
				INFOPLIST_FILE = BottomRefreshList/Info.plist;
				IPHONEOS_DEPLOYMENT_TARGET = 9.1;
				LD_RUNPATH_SEARCH_PATHS = (
					"$(inherited)",
					"@executable_path/Frameworks",
				);
				PRODUCT_BUNDLE_IDENTIFIER = com.pk.BottomRefreshList;
				PRODUCT_NAME = "$(TARGET_NAME)";
				SWIFT_VERSION = 4.2;
				TARGETED_DEVICE_FAMILY = "1,2";
			};
			name = Release;
		};
/* End XCBuildConfiguration section */

/* Begin XCConfigurationList section */
		D41449A621D4E4130001E634 /* Build configuration list for PBXProject "BottomRefreshList" */ = {
			isa = XCConfigurationList;
			buildConfigurations = (
				D41449BB21D4E4170001E634 /* Debug */,
				D41449BC21D4E4170001E634 /* Release */,
			);
			defaultConfigurationIsVisible = 0;
			defaultConfigurationName = Release;
		};
		D41449BD21D4E4170001E634 /* Build configuration list for PBXNativeTarget "BottomRefreshList" */ = {
			isa = XCConfigurationList;
			buildConfigurations = (
				D41449BE21D4E4170001E634 /* Debug */,
				D41449BF21D4E4170001E634 /* Release */,
			);
			defaultConfigurationIsVisible = 0;
			defaultConfigurationName = Release;
		};
/* End XCConfigurationList section */
	};
	rootObject = D41449A321D4E4130001E634 /* Project object */;
}
